
Microsoft Visual Studio Solution File, Format Version 12.00
# Visual Studio Version 17
VisualStudioVersion = 17.14.36717.8 d17.14
MinimumVisualStudioVersion = 10.0.40219.1
Project("{FAE04EC0-301F-11D3-BF4B-00C04F79EFBC}") = "Client", "Client\Client.csproj", "{6439DC48-6007-4525-9904-4223A1DE14E9}"
EndProject
Global
	GlobalSection(SolutionConfigurationPlatforms) = preSolution
		Debug|Any CPU = Debug|Any CPU
		Release|Any CPU = Release|Any CPU
	EndGlobalSection
	GlobalSection(ProjectConfigurationPlatforms) = postSolution
		{6439DC48-6007-4525-9904-4223A1DE14E9}.Debug|Any CPU.ActiveCfg = Debug|Any CPU
		{6439DC48-6007-4525-9904-4223A1DE14E9}.Debug|Any CPU.Build.0 = Debug|Any CPU
		{6439DC48-6007-4525-9904-4223A1DE14E9}.Release|Any CPU.ActiveCfg = Release|Any CPU
		{6439DC48-6007-4525-9904-4223A1DE14E9}.Release|Any CPU.Build.0 = Release|Any CPU
	EndGlobalSection
	GlobalSection(SolutionProperties) = preSolution
		HideSolutionNode = FALSE
	EndGlobalSection
	GlobalSection(ExtensibilityGlobals) = postSolution
		SolutionGuid = {559111E3-D8A1-42B3-AF2C-E9722C34318E}
	EndGlobalSection
EndGlobal
