
Microsoft Visual Studio Solution File, Format Version 12.00
# Visual Studio Version 17
VisualStudioVersion = 17.14.36717.8 d17.14
MinimumVisualStudioVersion = 10.0.40219.1
Project("{FAE04EC0-301F-11D3-BF4B-00C04F79EFBC}") = "WindowsFormsApp1", "WindowsFormsApp1\WindowsFormsApp1.csproj", "{37E19344-69A4-4542-B67B-1DF714A65FC4}"
EndProject
Global
	GlobalSection(SolutionConfigurationPlatforms) = preSolution
		Debug|Any CPU = Debug|Any CPU
		Release|Any CPU = Release|Any CPU
	EndGlobalSection
	GlobalSection(ProjectConfigurationPlatforms) = postSolution
		{37E19344-69A4-4542-B67B-1DF714A65FC4}.Debug|Any CPU.ActiveCfg = Debug|Any CPU
		{37E19344-69A4-4542-B67B-1DF714A65FC4}.Debug|Any CPU.Build.0 = Debug|Any CPU
		{37E19344-69A4-4542-B67B-1DF714A65FC4}.Release|Any CPU.ActiveCfg = Release|Any CPU
		{37E19344-69A4-4542-B67B-1DF714A65FC4}.Release|Any CPU.Build.0 = Release|Any CPU
	EndGlobalSection
	GlobalSection(SolutionProperties) = preSolution
		HideSolutionNode = FALSE
	EndGlobalSection
	GlobalSection(ExtensibilityGlobals) = postSolution
		SolutionGuid = {E95A7904-2ACD-4F5D-B553-0B9625E3B942}
	EndGlobalSection
EndGlobal
